
Microsoft Visual Studio Solution File, Format Version 12.00
# Visual Studio Version 17
VisualStudioVersion = 17.0.32126.317
MinimumVisualStudioVersion = 10.0.40219.1
Project("{9A19103F-16F7-4668-BE54-9A1E7A4F7556}") = "Frontend", "Frontend\Frontend.csproj", "{522E060D-C314-4815-B01A-E93010ED60C5}"
EndProject
Project("{FAE04EC0-301F-11D3-BF4B-00C04F79EFBC}") = "Domain", "Domain\Domain.csproj", "{2ADEDFCA-A4D4-4962-8C85-B36CEC405F72}"
EndProject
Project("{FAE04EC0-301F-11D3-BF4B-00C04F79EFBC}") = "Domain.Tests", "Domain.Tests\Domain.Tests.csproj", "{CB515183-6C5C-4F06-A24E-DD3B08CA21FF}"
EndProject
Project("{FAE04EC0-301F-11D3-BF4B-00C04F79EFBC}") = "Application", "Application\Application.csproj", "{67FFE7C2-BDCA-4369-ABB2-C6578820BFB9}"
EndProject
Project("{FAE04EC0-301F-11D3-BF4B-00C04F79EFBC}") = "Infrastructure", "Infrastructure\Infrastructure.csproj", "{8A148D5F-5483-4B16-B2C7-9040B3EDB9BB}"
EndProject
Project("{FAE04EC0-301F-11D3-BF4B-00C04F79EFBC}") = "Infrastructure.Tests", "Infrastructure.Tests\Infrastructure.Tests.csproj", "{09319CF5-744D-4053-8B12-2F752FFFF90A}"
EndProject
Project("{FAE04EC0-301F-11D3-BF4B-00C04F79EFBC}") = "Application.Tests", "Application.Tests\Application.Tests.csproj", "{8CCAA335-0A15-4E31-B221-9B99290D358B}"
EndProject
Global
	GlobalSection(SolutionConfigurationPlatforms) = preSolution
		Debug|Any CPU = Debug|Any CPU
		Release|Any CPU = Release|Any CPU
	EndGlobalSection
	GlobalSection(ProjectConfigurationPlatforms) = postSolution
		{522E060D-C314-4815-B01A-E93010ED60C5}.Debug|Any CPU.ActiveCfg = Debug|Any CPU
		{522E060D-C314-4815-B01A-E93010ED60C5}.Debug|Any CPU.Build.0 = Debug|Any CPU
		{522E060D-C314-4815-B01A-E93010ED60C5}.Release|Any CPU.ActiveCfg = Release|Any CPU
		{522E060D-C314-4815-B01A-E93010ED60C5}.Release|Any CPU.Build.0 = Release|Any CPU
		{2ADEDFCA-A4D4-4962-8C85-B36CEC405F72}.Debug|Any CPU.ActiveCfg = Debug|Any CPU
		{2ADEDFCA-A4D4-4962-8C85-B36CEC405F72}.Debug|Any CPU.Build.0 = Debug|Any CPU
		{2ADEDFCA-A4D4-4962-8C85-B36CEC405F72}.Release|Any CPU.ActiveCfg = Release|Any CPU
		{2ADEDFCA-A4D4-4962-8C85-B36CEC405F72}.Release|Any CPU.Build.0 = Release|Any CPU
		{CB515183-6C5C-4F06-A24E-DD3B08CA21FF}.Debug|Any CPU.ActiveCfg = Debug|Any CPU
		{CB515183-6C5C-4F06-A24E-DD3B08CA21FF}.Debug|Any CPU.Build.0 = Debug|Any CPU
		{CB515183-6C5C-4F06-A24E-DD3B08CA21FF}.Release|Any CPU.ActiveCfg = Release|Any CPU
		{CB515183-6C5C-4F06-A24E-DD3B08CA21FF}.Release|Any CPU.Build.0 = Release|Any CPU
		{67FFE7C2-BDCA-4369-ABB2-C6578820BFB9}.Debug|Any CPU.ActiveCfg = Debug|Any CPU
		{67FFE7C2-BDCA-4369-ABB2-C6578820BFB9}.Debug|Any CPU.Build.0 = Debug|Any CPU
		{67FFE7C2-BDCA-4369-ABB2-C6578820BFB9}.Release|Any CPU.ActiveCfg = Release|Any CPU
		{67FFE7C2-BDCA-4369-ABB2-C6578820BFB9}.Release|Any CPU.Build.0 = Release|Any CPU
		{8A148D5F-5483-4B16-B2C7-9040B3EDB9BB}.Debug|Any CPU.ActiveCfg = Debug|Any CPU
		{8A148D5F-5483-4B16-B2C7-9040B3EDB9BB}.Debug|Any CPU.Build.0 = Debug|Any CPU
		{8A148D5F-5483-4B16-B2C7-9040B3EDB9BB}.Release|Any CPU.ActiveCfg = Release|Any CPU
		{8A148D5F-5483-4B16-B2C7-9040B3EDB9BB}.Release|Any CPU.Build.0 = Release|Any CPU
		{09319CF5-744D-4053-8B12-2F752FFFF90A}.Debug|Any CPU.ActiveCfg = Debug|Any CPU
		{09319CF5-744D-4053-8B12-2F752FFFF90A}.Debug|Any CPU.Build.0 = Debug|Any CPU
		{09319CF5-744D-4053-8B12-2F752FFFF90A}.Release|Any CPU.ActiveCfg = Release|Any CPU
		{09319CF5-744D-4053-8B12-2F752FFFF90A}.Release|Any CPU.Build.0 = Release|Any CPU
		{8CCAA335-0A15-4E31-B221-9B99290D358B}.Debug|Any CPU.ActiveCfg = Debug|Any CPU
		{8CCAA335-0A15-4E31-B221-9B99290D358B}.Debug|Any CPU.Build.0 = Debug|Any CPU
		{8CCAA335-0A15-4E31-B221-9B99290D358B}.Release|Any CPU.ActiveCfg = Release|Any CPU
		{8CCAA335-0A15-4E31-B221-9B99290D358B}.Release|Any CPU.Build.0 = Release|Any CPU
	EndGlobalSection
	GlobalSection(SolutionProperties) = preSolution
		HideSolutionNode = FALSE
	EndGlobalSection
	GlobalSection(ExtensibilityGlobals) = postSolution
		SolutionGuid = {6101974A-A7D5-48C6-9AF7-9E3BC6FFDD11}
	EndGlobalSection
EndGlobal
